<Solution>
  <Folder Name="/src/">
    <Project Path="src/FirearmStudio.Application/FirearmStudio.Application.csproj" />
    <Project Path="src/FirearmStudio.Domain/FirearmStudio.Domain.csproj" />
    <Project Path="src/FirearmStudio.Infrastructure/FirearmStudio.Infrastructure.csproj" />
    <Project Path="src/FirearmStudio.WebApi/FirearmStudio.WebApi.csproj" />
  </Folder>
  <Folder Name="/tests/">
    <Project Path="tests/FirearmStudio.Domain.Tests/FirearmStudio.Domain.Tests.csproj" />
    <Project Path="tests/FirearmStudio.Infrastructure.Tests/FirearmStudio.Infrastructure.Tests.csproj" />
    <Project Path="tests/FirearmStudio.WebApi.Tests/FirearmStudio.WebApi.Tests.csproj" />
  </Folder>
</Solution>
